
Microsoft Visual Studio Solution File, Format Version 12.00
# Visual Studio Version 16
VisualStudioVersion = 16.0.31702.278
MinimumVisualStudioVersion = 10.0.40219.1
Project("{FAE04EC0-301F-11D3-BF4B-00C04F79EFBC}") = "ChessInterface", "ChessInterface\ChessInterface.csproj", "{2EE70B01-8B4C-4C13-93CB-9AF337B60C9B}"
EndProject
Project("{FAE04EC0-301F-11D3-BF4B-00C04F79EFBC}") = "BoardLibrary", "BoardLibrary\BoardLibrary.csproj", "{EA2FFB44-3C5C-4365-BDC8-B0C842BB9B28}"
EndProject
Global
	GlobalSection(SolutionConfigurationPlatforms) = preSolution
		Debug|Any CPU = Debug|Any CPU
		Release|Any CPU = Release|Any CPU
	EndGlobalSection
	GlobalSection(ProjectConfigurationPlatforms) = postSolution
		{2EE70B01-8B4C-4C13-93CB-9AF337B60C9B}.Debug|Any CPU.ActiveCfg = Debug|Any CPU
		{2EE70B01-8B4C-4C13-93CB-9AF337B60C9B}.Debug|Any CPU.Build.0 = Debug|Any CPU
		{2EE70B01-8B4C-4C13-93CB-9AF337B60C9B}.Release|Any CPU.ActiveCfg = Release|Any CPU
		{2EE70B01-8B4C-4C13-93CB-9AF337B60C9B}.Release|Any CPU.Build.0 = Release|Any CPU
		{EA2FFB44-3C5C-4365-BDC8-B0C842BB9B28}.Debug|Any CPU.ActiveCfg = Debug|Any CPU
		{EA2FFB44-3C5C-4365-BDC8-B0C842BB9B28}.Debug|Any CPU.Build.0 = Debug|Any CPU
		{EA2FFB44-3C5C-4365-BDC8-B0C842BB9B28}.Release|Any CPU.ActiveCfg = Release|Any CPU
		{EA2FFB44-3C5C-4365-BDC8-B0C842BB9B28}.Release|Any CPU.Build.0 = Release|Any CPU
	EndGlobalSection
	GlobalSection(SolutionProperties) = preSolution
		HideSolutionNode = FALSE
	EndGlobalSection
	GlobalSection(ExtensibilityGlobals) = postSolution
		SolutionGuid = {9672AC41-8B1A-4B6F-88F6-4BEB6DD58009}
	EndGlobalSection
EndGlobal
